{
  "https://uwfllbptpdqoovbeizya.supabase.co/storage/v1/object/sign/modular_clips/AAX_after_sonicsmooth_23.mp4?token=eyJhbGciOiJIUzI1NiIsInR5cCI6IkpXVCJ9.eyJ1cmwiOiJtb2R1bGFyX2NsaXBzL0FBWF9hZnRlcl9zb25pY3Ntb290aF8yMy5tcDQiLCJpYXQiOjE3MTAwMTQ3NTMsImV4cCI6MTc0MTU1MDc1M30.emAAcMtYNh983-9qWL0aw6Hy7DPZw3F2pknyFb5Xnlg&t=2024-03-09T20%3A05%3A53.111Z": { "integrity": "sha512-ELKGtOxk6xzXE0fPKdeCX4QaLLJG8eQ4LGH6D+JXZpAClU4waxXIUTiphPNSz/A2s1gK5lMCUejL1iC6SgxNQw==", "contentType": "video/mp4" },
  "https://uwfllbptpdqoovbeizya.supabase.co/storage/v1/object/sign/modular_clips/AAX_after_sonicsmooth_23.mp4?token=eyJhbGciOiJIUzI1NiIsInR5cCI6IkpXVCJ9.eyJ1cmwiOiJtb2R1bGFyX2NsaXBzL0FBWF9hZnRlcl9zb25pY3Ntb290aF8yMy5tcDQiLCJpYXQiOjE3MTAwMTQ5MjMsImV4cCI6MjAyNTM3NDkyM30.5u9gJ9tp67MUUVlntPCpPP2C6nlfvL1VpWsBEZB8c2k": { "integrity": "sha512-ELKGtOxk6xzXE0fPKdeCX4QaLLJG8eQ4LGH6D+JXZpAClU4waxXIUTiphPNSz/A2s1gK5lMCUejL1iC6SgxNQw==", "contentType": "video/mp4" },
  "https://uwfllbptpdqoovbeizya.supabase.co/storage/v1/object/sign/modular_clips/AAX_after_sonicsmooth_23.mp4?token=eyJhbGciOiJIUzI1NiIsInR5cCI6IkpXVCJ9.eyJ1cmwiOiJtb2R1bGFyX2NsaXBzL0FBWF9hZnRlcl9zb25pY3Ntb290aF8yMy5tcDQiLCJpYXQiOjE3MTAwMTQ5MjYsImV4cCI6MTc0MTU1MDkyNn0.iZCzitH45gNzDGSDabRZ9NbLHIDUpCwyqdachcw1Vnc&t=2024-03-09T20%3A08%3A46.714Z": { "integrity": "sha512-ELKGtOxk6xzXE0fPKdeCX4QaLLJG8eQ4LGH6D+JXZpAClU4waxXIUTiphPNSz/A2s1gK5lMCUejL1iC6SgxNQw==", "contentType": "video/mp4" },
  "version": 1
}
